
Microsoft Visual Studio Solution File, Format Version 12.00
# Visual Studio 15
VisualStudioVersion = 15.0.28010.2026
MinimumVisualStudioVersion = 10.0.40219.1
Project("{FAE04EC0-301F-11D3-BF4B-00C04F79EFBC}") = "Payper.Api", "Payper.Api\Payper.Api.csproj", "{EEFEF057-D9A6-4148-BAF1-32D559CC0E11}"
EndProject
Global
	GlobalSection(SolutionConfigurationPlatforms) = preSolution
		Debug|Any CPU = Debug|Any CPU
		Release|Any CPU = Release|Any CPU
	EndGlobalSection
	GlobalSection(ProjectConfigurationPlatforms) = postSolution
		{EEFEF057-D9A6-4148-BAF1-32D559CC0E11}.Debug|Any CPU.ActiveCfg = Debug|Any CPU
		{EEFEF057-D9A6-4148-BAF1-32D559CC0E11}.Debug|Any CPU.Build.0 = Debug|Any CPU
		{EEFEF057-D9A6-4148-BAF1-32D559CC0E11}.Release|Any CPU.ActiveCfg = Release|Any CPU
		{EEFEF057-D9A6-4148-BAF1-32D559CC0E11}.Release|Any CPU.Build.0 = Release|Any CPU
	EndGlobalSection
	GlobalSection(SolutionProperties) = preSolution
		HideSolutionNode = FALSE
	EndGlobalSection
	GlobalSection(ExtensibilityGlobals) = postSolution
		SolutionGuid = {73E1425E-12CC-4228-88B2-BF779B811CDB}
	EndGlobalSection
EndGlobal
